dependencies:
- name: influxdb
  repository: https://influxdata.github.io/helm-charts
  version: 4.8.4
- name: grafana
  repository: https://grafana.github.io/helm-charts
  version: 5.6.4
digest: sha256:f0f9315e7d067d04ffbb4fdd6885a1efe4ae9ed4c2d2bd835168c71428d0e2ad
generated: "2020-09-13T21:45:23.324691119+01:00"
